
Microsoft Visual Studio Solution File, Format Version 12.00
# Visual Studio Version 17
VisualStudioVersion = 17.8.34330.188
MinimumVisualStudioVersion = 10.0.40219.1
Project("{FAE04EC0-301F-11D3-BF4B-00C04F79EFBC}") = "MVCDemo.PL", "MVCDemo.PL\MVCDemo.PL.csproj", "{A5D80EB4-771B-4ECC-9861-23F16888A0E3}"
EndProject
Project("{FAE04EC0-301F-11D3-BF4B-00C04F79EFBC}") = "MVCDemo.DAL", "MVCDemo.DAL\MVCDemo.DAL.csproj", "{A391FEAC-B4BA-4528-B7EF-9A1500F2D41C}"
EndProject
Project("{FAE04EC0-301F-11D3-BF4B-00C04F79EFBC}") = "MVCDemo.BLL", "MVCDemo.BLL\MVCDemo.BLL.csproj", "{F0DFB0AC-AE79-4422-ADD9-1CD3B9D9FB31}"
EndProject
Global
	GlobalSection(SolutionConfigurationPlatforms) = preSolution
		Debug|Any CPU = Debug|Any CPU
		Release|Any CPU = Release|Any CPU
	EndGlobalSection
	GlobalSection(ProjectConfigurationPlatforms) = postSolution
		{A5D80EB4-771B-4ECC-9861-23F16888A0E3}.Debug|Any CPU.ActiveCfg = Debug|Any CPU
		{A5D80EB4-771B-4ECC-9861-23F16888A0E3}.Debug|Any CPU.Build.0 = Debug|Any CPU
		{A5D80EB4-771B-4ECC-9861-23F16888A0E3}.Release|Any CPU.ActiveCfg = Release|Any CPU
		{A5D80EB4-771B-4ECC-9861-23F16888A0E3}.Release|Any CPU.Build.0 = Release|Any CPU
		{A391FEAC-B4BA-4528-B7EF-9A1500F2D41C}.Debug|Any CPU.ActiveCfg = Debug|Any CPU
		{A391FEAC-B4BA-4528-B7EF-9A1500F2D41C}.Debug|Any CPU.Build.0 = Debug|Any CPU
		{A391FEAC-B4BA-4528-B7EF-9A1500F2D41C}.Release|Any CPU.ActiveCfg = Release|Any CPU
		{A391FEAC-B4BA-4528-B7EF-9A1500F2D41C}.Release|Any CPU.Build.0 = Release|Any CPU
		{F0DFB0AC-AE79-4422-ADD9-1CD3B9D9FB31}.Debug|Any CPU.ActiveCfg = Debug|Any CPU
		{F0DFB0AC-AE79-4422-ADD9-1CD3B9D9FB31}.Debug|Any CPU.Build.0 = Debug|Any CPU
		{F0DFB0AC-AE79-4422-ADD9-1CD3B9D9FB31}.Release|Any CPU.ActiveCfg = Release|Any CPU
		{F0DFB0AC-AE79-4422-ADD9-1CD3B9D9FB31}.Release|Any CPU.Build.0 = Release|Any CPU
	EndGlobalSection
	GlobalSection(SolutionProperties) = preSolution
		HideSolutionNode = FALSE
	EndGlobalSection
	GlobalSection(ExtensibilityGlobals) = postSolution
		SolutionGuid = {39FBEA88-7A09-45B5-B207-60346AB6D328}
	EndGlobalSection
EndGlobal
